
Microsoft Visual Studio Solution File, Format Version 12.00
# Visual Studio Version 17
VisualStudioVersion = 17.7.34009.444
MinimumVisualStudioVersion = 10.0.40219.1
Project("{9A19103F-16F7-4668-BE54-9A1E7A4F7556}") = "NS_AssignmentAPI", "NS_Assignment\NS_AssignmentAPI.csproj", "{1664DA96-7C13-4E5D-BBE9-B96956791EB0}"
EndProject
Project("{FAE04EC0-301F-11D3-BF4B-00C04F79EFBC}") = "NS_Assignment.Sites", "NS_Assignment.Sites\NS_Assignment.Sites.csproj", "{68EE85E6-694F-42F9-BD0C-DD7977FE7710}"
EndProject
Global
	GlobalSection(SolutionConfigurationPlatforms) = preSolution
		Debug|Any CPU = Debug|Any CPU
		Release|Any CPU = Release|Any CPU
	EndGlobalSection
	GlobalSection(ProjectConfigurationPlatforms) = postSolution
		{1664DA96-7C13-4E5D-BBE9-B96956791EB0}.Debug|Any CPU.ActiveCfg = Debug|Any CPU
		{1664DA96-7C13-4E5D-BBE9-B96956791EB0}.Debug|Any CPU.Build.0 = Debug|Any CPU
		{1664DA96-7C13-4E5D-BBE9-B96956791EB0}.Release|Any CPU.ActiveCfg = Release|Any CPU
		{1664DA96-7C13-4E5D-BBE9-B96956791EB0}.Release|Any CPU.Build.0 = Release|Any CPU
		{68EE85E6-694F-42F9-BD0C-DD7977FE7710}.Debug|Any CPU.ActiveCfg = Debug|Any CPU
		{68EE85E6-694F-42F9-BD0C-DD7977FE7710}.Debug|Any CPU.Build.0 = Debug|Any CPU
		{68EE85E6-694F-42F9-BD0C-DD7977FE7710}.Release|Any CPU.ActiveCfg = Release|Any CPU
		{68EE85E6-694F-42F9-BD0C-DD7977FE7710}.Release|Any CPU.Build.0 = Release|Any CPU
	EndGlobalSection
	GlobalSection(SolutionProperties) = preSolution
		HideSolutionNode = FALSE
	EndGlobalSection
	GlobalSection(ExtensibilityGlobals) = postSolution
		SolutionGuid = {121237C1-0C5C-4993-838B-7EDF3B17A0B8}
	EndGlobalSection
EndGlobal
